<Solution>
  <Folder Name="/backend/">
    <Project Path="backend/ControleGastos.API/ControleGastos.API.csproj" />
    <Project Path="backend/ControleGastos.Application/ControleGastos.Application.csproj" />
    <Project Path="backend/ControleGastos.Domain/ControleGastos.Domain.csproj" />
    <Project Path="backend/ControleGastos.Infrastructure/ControleGastos.Infrastructure.csproj" />
  </Folder>
  <Folder Name="/frontend/" />
</Solution>
